{
  "name": "laravel-show",
  "lockfileVersion": 2,
  "requires": true,
  "packages": {
    "": {
      "dependencies": {
        "n": "^9.2.0"
      }
    },
    "node_modules/n": {
      "version": "9.2.0",
      "resolved": "https://registry.npmjs.org/n/-/n-9.2.0.tgz",
      "integrity": "sha512-R8mFN2OWwNVc+r1f9fDzcT34DnDwUIHskrpTesZ6SdluaXBBnRtTu5tlfaSPloBi1Z/eGJoPO9nhyawWPad5UQ==",
      "os": [
        "!win32"
      ],
      "bin": {
        "n": "bin/n"
      },
      "engines": {
        "node": "*"
      }
    }
  },
  "dependencies": {
    "n": {
      "version": "9.2.0",
      "resolved": "https://registry.npmjs.org/n/-/n-9.2.0.tgz",
      "integrity": "sha512-R8mFN2OWwNVc+r1f9fDzcT34DnDwUIHskrpTesZ6SdluaXBBnRtTu5tlfaSPloBi1Z/eGJoPO9nhyawWPad5UQ=="
    }
  }
}
